
Microsoft Visual Studio Solution File, Format Version 12.00
# Visual Studio Version 17
VisualStudioVersion = 17.3.32901.215
MinimumVisualStudioVersion = 10.0.40219.1
Project("{FAE04EC0-301F-11D3-BF4B-00C04F79EFBC}") = "ES23stringhe", "ES23stringhe\ES23stringhe.csproj", "{0377ACD2-318B-4DF3-81A5-514645D90F88}"
EndProject
Global
	GlobalSection(SolutionConfigurationPlatforms) = preSolution
		Debug|Any CPU = Debug|Any CPU
		Release|Any CPU = Release|Any CPU
	EndGlobalSection
	GlobalSection(ProjectConfigurationPlatforms) = postSolution
		{0377ACD2-318B-4DF3-81A5-514645D90F88}.Debug|Any CPU.ActiveCfg = Debug|Any CPU
		{0377ACD2-318B-4DF3-81A5-514645D90F88}.Debug|Any CPU.Build.0 = Debug|Any CPU
		{0377ACD2-318B-4DF3-81A5-514645D90F88}.Release|Any CPU.ActiveCfg = Release|Any CPU
		{0377ACD2-318B-4DF3-81A5-514645D90F88}.Release|Any CPU.Build.0 = Release|Any CPU
	EndGlobalSection
	GlobalSection(SolutionProperties) = preSolution
		HideSolutionNode = FALSE
	EndGlobalSection
	GlobalSection(ExtensibilityGlobals) = postSolution
		SolutionGuid = {2761F532-BCD4-469A-9A75-6F2AC3616FEE}
	EndGlobalSection
EndGlobal
